
Microsoft Visual Studio Solution File, Format Version 12.00
# Visual Studio Version 16
VisualStudioVersion = 16.0.31321.278
MinimumVisualStudioVersion = 10.0.40219.1
Project("{FAE04EC0-301F-11D3-BF4B-00C04F79EFBC}") = "MyDemoProject", "MyDemoProject\MyDemoProject.csproj", "{659F96EF-759B-4B19-9F07-FDBB619869BE}"
EndProject
Global
	GlobalSection(SolutionConfigurationPlatforms) = preSolution
		Debug|Any CPU = Debug|Any CPU
		Release|Any CPU = Release|Any CPU
	EndGlobalSection
	GlobalSection(ProjectConfigurationPlatforms) = postSolution
		{659F96EF-759B-4B19-9F07-FDBB619869BE}.Debug|Any CPU.ActiveCfg = Debug|Any CPU
		{659F96EF-759B-4B19-9F07-FDBB619869BE}.Debug|Any CPU.Build.0 = Debug|Any CPU
		{659F96EF-759B-4B19-9F07-FDBB619869BE}.Release|Any CPU.ActiveCfg = Release|Any CPU
		{659F96EF-759B-4B19-9F07-FDBB619869BE}.Release|Any CPU.Build.0 = Release|Any CPU
	EndGlobalSection
	GlobalSection(SolutionProperties) = preSolution
		HideSolutionNode = FALSE
	EndGlobalSection
	GlobalSection(ExtensibilityGlobals) = postSolution
		SolutionGuid = {A7F5C0E7-CEA4-483F-9ABE-B1D3820BF82D}
	EndGlobalSection
EndGlobal
